// !$*UTF8*$!
{
	archiveVersion = 1;
	classes = {
	};
	objectVersion = 51;
	objects = {

/* Begin PBXBuildFile section */
		180B0D54253975B70038F599 /* PopUpView.swift in Sources */ = {isa = PBXBuildFile; fileRef = 180B0D53253975B70038F599 /* PopUpView.swift */; };
		1817030A25415A270019623B /* SavedResultsViewController.swift in Sources */ = {isa = PBXBuildFile; fileRef = 1817030925415A270019623B /* SavedResultsViewController.swift */; };
		1817030D254162360019623B /* RecentTableViewCell.swift in Sources */ = {isa = PBXBuildFile; fileRef = 1817030C254162360019623B /* RecentTableViewCell.swift */; };
		181703132541E3870019623B /* SavedTableViewCell.swift in Sources */ = {isa = PBXBuildFile; fileRef = 181703122541E3870019623B /* SavedTableViewCell.swift */; };
		186157A5251DEC940095B226 /* PlayViewController.swift in Sources */ = {isa = PBXBuildFile; fileRef = 186157A4251DEC940095B226 /* PlayViewController.swift */; };
		187C3D3E2542D84B00872DFD /* DataModel.xcdatamodeld in Sources */ = {isa = PBXBuildFile; fileRef = 187C3D3C2542D84B00872DFD /* DataModel.xcdatamodeld */; };
		187C3D9125451F6300872DFD /* Numbers+CoreDataProperties.swift in Sources */ = {isa = PBXBuildFile; fileRef = 187C3D8F25451F6200872DFD /* Numbers+CoreDataProperties.swift */; };
		187C3D9225451F6300872DFD /* Numbers+CoreDataClass.swift in Sources */ = {isa = PBXBuildFile; fileRef = 187C3D9025451F6200872DFD /* Numbers+CoreDataClass.swift */; };
		18C84071253832DA0029AC57 /* TableLoadOutViewController.swift in Sources */ = {isa = PBXBuildFile; fileRef = 18C84070253832DA0029AC57 /* TableLoadOutViewController.swift */; };
		18D061F125238AD100EEB592 /* MyButton.swift in Sources */ = {isa = PBXBuildFile; fileRef = 18D061F025238AD100EEB592 /* MyButton.swift */; };
		18D061FE252AE7FA00EEB592 /* RecentResultsViewController.swift in Sources */ = {isa = PBXBuildFile; fileRef = 18D061FD252AE7FA00EEB592 /* RecentResultsViewController.swift */; };
		18D06206252B1AC100EEB592 /* VietLottResult.swift in Sources */ = {isa = PBXBuildFile; fileRef = 18D06205252B1AC100EEB592 /* VietLottResult.swift */; };
		18D0622E252CC13200EEB592 /* TableViewCell.swift in Sources */ = {isa = PBXBuildFile; fileRef = 18D0622D252CC13200EEB592 /* TableViewCell.swift */; };
		18E78C972539C149007495B0 /* ViewExtensions.swift in Sources */ = {isa = PBXBuildFile; fileRef = 18E78C962539C149007495B0 /* ViewExtensions.swift */; };
		18FAB5982515BFD50071B6CA /* AppDelegate.swift in Sources */ = {isa = PBXBuildFile; fileRef = 18FAB5972515BFD50071B6CA /* AppDelegate.swift */; };
		18FAB59A2515BFD50071B6CA /* SceneDelegate.swift in Sources */ = {isa = PBXBuildFile; fileRef = 18FAB5992515BFD50071B6CA /* SceneDelegate.swift */; };
		18FAB59C2515BFD50071B6CA /* ModeViewController.swift in Sources */ = {isa = PBXBuildFile; fileRef = 18FAB59B2515BFD50071B6CA /* ModeViewController.swift */; };
		18FAB59F2515BFD50071B6CA /* Main.storyboard in Resources */ = {isa = PBXBuildFile; fileRef = 18FAB59D2515BFD50071B6CA /* Main.storyboard */; };
		18FAB5A12515BFD70071B6CA /* Assets.xcassets in Resources */ = {isa = PBXBuildFile; fileRef = 18FAB5A02515BFD70071B6CA /* Assets.xcassets */; };
		18FAB5A42515BFD70071B6CA /* LaunchScreen.storyboard in Resources */ = {isa = PBXBuildFile; fileRef = 18FAB5A22515BFD70071B6CA /* LaunchScreen.storyboard */; };
		18FAB5CE2515C01E0071B6CA /* K.swift in Sources */ = {isa = PBXBuildFile; fileRef = 18FAB5CD2515C01E0071B6CA /* K.swift */; };
		18FAB5D8251C3C800071B6CA /* KenoViewController.swift in Sources */ = {isa = PBXBuildFile; fileRef = 18FAB5D7251C3C800071B6CA /* KenoViewController.swift */; };
		18FAB5DD251DC7B50071B6CA /* CollectionViewCell.swift in Sources */ = {isa = PBXBuildFile; fileRef = 18FAB5DC251DC7B50071B6CA /* CollectionViewCell.swift */; };
		86EE21E27E75B02ED92DF723 /* Pods_VietLottFun.framework in Frameworks */ = {isa = PBXBuildFile; fileRef = B69D9CBAFA029CAA0E05E7B9 /* Pods_VietLottFun.framework */; };
/* End PBXBuildFile section */

/* Begin PBXFileReference section */
		180B0D53253975B70038F599 /* PopUpView.swift */ = {isa = PBXFileReference; lastKnownFileType = sourcecode.swift; path = PopUpView.swift; sourceTree = "<group>"; };
		1817030925415A270019623B /* SavedResultsViewController.swift */ = {isa = PBXFileReference; lastKnownFileType = sourcecode.swift; path = SavedResultsViewController.swift; sourceTree = "<group>"; };
		1817030C254162360019623B /* RecentTableViewCell.swift */ = {isa = PBXFileReference; lastKnownFileType = sourcecode.swift; path = RecentTableViewCell.swift; sourceTree = "<group>"; };
		181703122541E3870019623B /* SavedTableViewCell.swift */ = {isa = PBXFileReference; lastKnownFileType = sourcecode.swift; path = SavedTableViewCell.swift; sourceTree = "<group>"; };
		186157A4251DEC940095B226 /* PlayViewController.swift */ = {isa = PBXFileReference; lastKnownFileType = sourcecode.swift; path = PlayViewController.swift; sourceTree = "<group>"; };
		187C3D3D2542D84B00872DFD /* DataModel.xcdatamodel */ = {isa = PBXFileReference; lastKnownFileType = wrapper.xcdatamodel; path = DataModel.xcdatamodel; sourceTree = "<group>"; };
		187C3D8F25451F6200872DFD /* Numbers+CoreDataProperties.swift */ = {isa = PBXFileReference; lastKnownFileType = sourcecode.swift; name = "Numbers+CoreDataProperties.swift"; path = "/Users/apple/projects/VietLottFun/VietLottFun/Model/Numbers+CoreDataProperties.swift"; sourceTree = "<absolute>"; };
		187C3D9025451F6200872DFD /* Numbers+CoreDataClass.swift */ = {isa = PBXFileReference; lastKnownFileType = sourcecode.swift; name = "Numbers+CoreDataClass.swift"; path = "/Users/apple/projects/VietLottFun/VietLottFun/Model/Numbers+CoreDataClass.swift"; sourceTree = "<absolute>"; };
		18C84070253832DA0029AC57 /* TableLoadOutViewController.swift */ = {isa = PBXFileReference; lastKnownFileType = sourcecode.swift; path = TableLoadOutViewController.swift; sourceTree = "<group>"; };
		18D061F025238AD100EEB592 /* MyButton.swift */ = {isa = PBXFileReference; lastKnownFileType = sourcecode.swift; path = MyButton.swift; sourceTree = "<group>"; };
		18D061FD252AE7FA00EEB592 /* RecentResultsViewController.swift */ = {isa = PBXFileReference; lastKnownFileType = sourcecode.swift; path = RecentResultsViewController.swift; sourceTree = "<group>"; };
		18D06205252B1AC100EEB592 /* VietLottResult.swift */ = {isa = PBXFileReference; lastKnownFileType = sourcecode.swift; path = VietLottResult.swift; sourceTree = "<group>"; };
		18D0622D252CC13200EEB592 /* TableViewCell.swift */ = {isa = PBXFileReference; lastKnownFileType = sourcecode.swift; path = TableViewCell.swift; sourceTree = "<group>"; };
		18E78C962539C149007495B0 /* ViewExtensions.swift */ = {isa = PBXFileReference; lastKnownFileType = sourcecode.swift; path = ViewExtensions.swift; sourceTree = "<group>"; };
		18FAB5942515BFD50071B6CA /* VietLottFun.app */ = {isa = PBXFileReference; explicitFileType = wrapper.application; includeInIndex = 0; path = VietLottFun.app; sourceTree = BUILT_PRODUCTS_DIR; };
		18FAB5972515BFD50071B6CA /* AppDelegate.swift */ = {isa = PBXFileReference; lastKnownFileType = sourcecode.swift; path = AppDelegate.swift; sourceTree = "<group>"; };
		18FAB5992515BFD50071B6CA /* SceneDelegate.swift */ = {isa = PBXFileReference; lastKnownFileType = sourcecode.swift; path = SceneDelegate.swift; sourceTree = "<group>"; };
		18FAB59B2515BFD50071B6CA /* ModeViewController.swift */ = {isa = PBXFileReference; lastKnownFileType = sourcecode.swift; path = ModeViewController.swift; sourceTree = "<group>"; };
		18FAB59E2515BFD50071B6CA /* Base */ = {isa = PBXFileReference; lastKnownFileType = file.storyboard; name = Base; path = Base.lproj/Main.storyboard; sourceTree = "<group>"; };
		18FAB5A02515BFD70071B6CA /* Assets.xcassets */ = {isa = PBXFileReference; lastKnownFileType = folder.assetcatalog; path = Assets.xcassets; sourceTree = "<group>"; };
		18FAB5A32515BFD70071B6CA /* Base */ = {isa = PBXFileReference; lastKnownFileType = file.storyboard; name = Base; path = Base.lproj/LaunchScreen.storyboard; sourceTree = "<group>"; };
		18FAB5A52515BFD70071B6CA /* Info.plist */ = {isa = PBXFileReference; lastKnownFileType = text.plist.xml; path = Info.plist; sourceTree = "<group>"; };
		18FAB5CD2515C01E0071B6CA /* K.swift */ = {isa = PBXFileReference; lastKnownFileType = sourcecode.swift; path = K.swift; sourceTree = "<group>"; };
		18FAB5D7251C3C800071B6CA /* KenoViewController.swift */ = {isa = PBXFileReference; lastKnownFileType = sourcecode.swift; path = KenoViewController.swift; sourceTree = "<group>"; };
		18FAB5DC251DC7B50071B6CA /* CollectionViewCell.swift */ = {isa = PBXFileReference; lastKnownFileType = sourcecode.swift; path = CollectionViewCell.swift; sourceTree = "<group>"; };
		49609EEC100DF9CD74B0E0BB /* Pods-VietLottFun.debug.xcconfig */ = {isa = PBXFileReference; includeInIndex = 1; lastKnownFileType = text.xcconfig; name = "Pods-VietLottFun.debug.xcconfig"; path = "Target Support Files/Pods-VietLottFun/Pods-VietLottFun.debug.xcconfig"; sourceTree = "<group>"; };
		550F98B9161440B6BA9FB973 /* Pods-VietLottFun-VietLottFunUITests.release.xcconfig */ = {isa = PBXFileReference; includeInIndex = 1; lastKnownFileType = text.xcconfig; name = "Pods-VietLottFun-VietLottFunUITests.release.xcconfig"; path = "Target Support Files/Pods-VietLottFun-VietLottFunUITests/Pods-VietLottFun-VietLottFunUITests.release.xcconfig"; sourceTree = "<group>"; };
		64DE55ABD07D69748095148A /* Pods-VietLottFunTests.debug.xcconfig */ = {isa = PBXFileReference; includeInIndex = 1; lastKnownFileType = text.xcconfig; name = "Pods-VietLottFunTests.debug.xcconfig"; path = "Target Support Files/Pods-VietLottFunTests/Pods-VietLottFunTests.debug.xcconfig"; sourceTree = "<group>"; };
		6B11C11CCF987F6CE38E9AEE /* Pods_VietLottFun_VietLottFunUITests.framework */ = {isa = PBXFileReference; explicitFileType = wrapper.framework; includeInIndex = 0; path = Pods_VietLottFun_VietLottFunUITests.framework; sourceTree = BUILT_PRODUCTS_DIR; };
		7F7231278C5527B3E7458586 /* Pods-VietLottFun-VietLottFunUITests.debug.xcconfig */ = {isa = PBXFileReference; includeInIndex = 1; lastKnownFileType = text.xcconfig; name = "Pods-VietLottFun-VietLottFunUITests.debug.xcconfig"; path = "Target Support Files/Pods-VietLottFun-VietLottFunUITests/Pods-VietLottFun-VietLottFunUITests.debug.xcconfig"; sourceTree = "<group>"; };
		817C007270DD8B1F78B45AA8 /* Pods-VietLottFun.release.xcconfig */ = {isa = PBXFileReference; includeInIndex = 1; lastKnownFileType = text.xcconfig; name = "Pods-VietLottFun.release.xcconfig"; path = "Target Support Files/Pods-VietLottFun/Pods-VietLottFun.release.xcconfig"; sourceTree = "<group>"; };
		86BAAD96633C56C742D5EC20 /* Pods_VietLottFunTests.framework */ = {isa = PBXFileReference; explicitFileType = wrapper.framework; includeInIndex = 0; path = Pods_VietLottFunTests.framework; sourceTree = BUILT_PRODUCTS_DIR; };
		B69D9CBAFA029CAA0E05E7B9 /* Pods_VietLottFun.framework */ = {isa = PBXFileReference; explicitFileType = wrapper.framework; includeInIndex = 0; path = Pods_VietLottFun.framework; sourceTree = BUILT_PRODUCTS_DIR; };
		B7294FB05B8BDB9986E1D40E /* Pods-VietLottFunTests.release.xcconfig */ = {isa = PBXFileReference; includeInIndex = 1; lastKnownFileType = text.xcconfig; name = "Pods-VietLottFunTests.release.xcconfig"; path = "Target Support Files/Pods-VietLottFunTests/Pods-VietLottFunTests.release.xcconfig"; sourceTree = "<group>"; };
/* End PBXFileReference section */

/* Begin PBXFrameworksBuildPhase section */
		18FAB5912515BFD50071B6CA /* Frameworks */ = {
			isa = PBXFrameworksBuildPhase;
			buildActionMask = 2147483647;
			files = (
				86EE21E27E75B02ED92DF723 /* Pods_VietLottFun.framework in Frameworks */,
			);
			runOnlyForDeploymentPostprocessing = 0;
		};
/* End PBXFrameworksBuildPhase section */

/* Begin PBXGroup section */
		181703152541E55B0019623B /* Mode choose Play */ = {
			isa = PBXGroup;
			children = (
				18FAB59B2515BFD50071B6CA /* ModeViewController.swift */,
				186157A4251DEC940095B226 /* PlayViewController.swift */,
				18FAB5D7251C3C800071B6CA /* KenoViewController.swift */,
			);
			path = "Mode choose Play";
			sourceTree = "<group>";
		};
		181703162541E5780019623B /* Show Recent Results */ = {
			isa = PBXGroup;
			children = (
				18D061FD252AE7FA00EEB592 /* RecentResultsViewController.swift */,
				1817030C254162360019623B /* RecentTableViewCell.swift */,
				180B0D53253975B70038F599 /* PopUpView.swift */,
			);
			path = "Show Recent Results";
			sourceTree = "<group>";
		};
		181703182541E58E0019623B /* Save Results */ = {
			isa = PBXGroup;
			children = (
				1817030925415A270019623B /* SavedResultsViewController.swift */,
				181703122541E3870019623B /* SavedTableViewCell.swift */,
			);
			path = "Save Results";
			sourceTree = "<group>";
		};
		18C8406A253832200029AC57 /* Layout */ = {
			isa = PBXGroup;
			children = (
				18D061F025238AD100EEB592 /* MyButton.swift */,
				18FAB5DC251DC7B50071B6CA /* CollectionViewCell.swift */,
				18D0622D252CC13200EEB592 /* TableViewCell.swift */,
				18C84070253832DA0029AC57 /* TableLoadOutViewController.swift */,
				18E78C962539C149007495B0 /* ViewExtensions.swift */,
			);
			path = Layout;
			sourceTree = "<group>";
		};
		18C8406C253832780029AC57 /* View Controllers */ = {
			isa = PBXGroup;
			children = (
				181703152541E55B0019623B /* Mode choose Play */,
				181703162541E5780019623B /* Show Recent Results */,
				181703182541E58E0019623B /* Save Results */,
			);
			path = "View Controllers";
			sourceTree = "<group>";
		};
		18D06204252B1AA000EEB592 /* Model */ = {
			isa = PBXGroup;
			children = (
				187C3D9025451F6200872DFD /* Numbers+CoreDataClass.swift */,
				187C3D8F25451F6200872DFD /* Numbers+CoreDataProperties.swift */,
				18D06205252B1AC100EEB592 /* VietLottResult.swift */,
				18FAB5CD2515C01E0071B6CA /* K.swift */,
				187C3D3C2542D84B00872DFD /* DataModel.xcdatamodeld */,
			);
			path = Model;
			sourceTree = "<group>";
		};
		18FAB58B2515BFD50071B6CA = {
			isa = PBXGroup;
			children = (
				18FAB5962515BFD50071B6CA /* VietLottFun */,
				18FAB5952515BFD50071B6CA /* Products */,
				D5EB80BBD516B78AA232351F /* Pods */,
				D21FFA09F91A185DBFB21960 /* Frameworks */,
			);
			sourceTree = "<group>";
		};
		18FAB5952515BFD50071B6CA /* Products */ = {
			isa = PBXGroup;
			children = (
				18FAB5942515BFD50071B6CA /* VietLottFun.app */,
			);
			name = Products;
			sourceTree = "<group>";
		};
		18FAB5962515BFD50071B6CA /* VietLottFun */ = {
			isa = PBXGroup;
			children = (
				18FAB5972515BFD50071B6CA /* AppDelegate.swift */,
				18FAB5992515BFD50071B6CA /* SceneDelegate.swift */,
				18D06204252B1AA000EEB592 /* Model */,
				18FAB5E9251DD3C50071B6CA /* View */,
				18FAB59D2515BFD50071B6CA /* Main.storyboard */,
				18FAB5A02515BFD70071B6CA /* Assets.xcassets */,
				18FAB5A22515BFD70071B6CA /* LaunchScreen.storyboard */,
				18FAB5A52515BFD70071B6CA /* Info.plist */,
			);
			path = VietLottFun;
			sourceTree = "<group>";
		};
		18FAB5E9251DD3C50071B6CA /* View */ = {
			isa = PBXGroup;
			children = (
				18C8406A253832200029AC57 /* Layout */,
				18C8406C253832780029AC57 /* View Controllers */,
			);
			path = View;
			sourceTree = "<group>";
		};
		D21FFA09F91A185DBFB21960 /* Frameworks */ = {
			isa = PBXGroup;
			children = (
				B69D9CBAFA029CAA0E05E7B9 /* Pods_VietLottFun.framework */,
				6B11C11CCF987F6CE38E9AEE /* Pods_VietLottFun_VietLottFunUITests.framework */,
				86BAAD96633C56C742D5EC20 /* Pods_VietLottFunTests.framework */,
			);
			name = Frameworks;
			sourceTree = "<group>";
		};
		D5EB80BBD516B78AA232351F /* Pods */ = {
			isa = PBXGroup;
			children = (
				49609EEC100DF9CD74B0E0BB /* Pods-VietLottFun.debug.xcconfig */,
				817C007270DD8B1F78B45AA8 /* Pods-VietLottFun.release.xcconfig */,
				7F7231278C5527B3E7458586 /* Pods-VietLottFun-VietLottFunUITests.debug.xcconfig */,
				550F98B9161440B6BA9FB973 /* Pods-VietLottFun-VietLottFunUITests.release.xcconfig */,
				64DE55ABD07D69748095148A /* Pods-VietLottFunTests.debug.xcconfig */,
				B7294FB05B8BDB9986E1D40E /* Pods-VietLottFunTests.release.xcconfig */,
			);
			path = Pods;
			sourceTree = "<group>";
		};
/* End PBXGroup section */

/* Begin PBXNativeTarget section */
		18FAB5932515BFD50071B6CA /* VietLottFun */ = {
			isa = PBXNativeTarget;
			buildConfigurationList = 18FAB5BE2515BFD70071B6CA /* Build configuration list for PBXNativeTarget "VietLottFun" */;
			buildPhases = (
				9091EA726DF3B139AE5B5369 /* [CP] Check Pods Manifest.lock */,
				18FAB5902515BFD50071B6CA /* Sources */,
				18FAB5912515BFD50071B6CA /* Frameworks */,
				18FAB5922515BFD50071B6CA /* Resources */,
				A5AE36AA61496F794EA3A7D8 /* [CP] Embed Pods Frameworks */,
			);
			buildRules = (
			);
			dependencies = (
			);
			name = VietLottFun;
			productName = VietLottFun;
			productReference = 18FAB5942515BFD50071B6CA /* VietLottFun.app */;
			productType = "com.apple.product-type.application";
		};
/* End PBXNativeTarget section */

/* Begin PBXProject section */
		18FAB58C2515BFD50071B6CA /* Project object */ = {
			isa = PBXProject;
			attributes = {
				LastSwiftUpdateCheck = 1200;
				LastUpgradeCheck = 1200;
				TargetAttributes = {
					18FAB5932515BFD50071B6CA = {
						CreatedOnToolsVersion = 12.0;
					};
				};
			};
			buildConfigurationList = 18FAB58F2515BFD50071B6CA /* Build configuration list for PBXProject "VietLottFun" */;
			compatibilityVersion = "Xcode 9.3";
			developmentRegion = en;
			hasScannedForEncodings = 0;
			knownRegions = (
				en,
				Base,
			);
			mainGroup = 18FAB58B2515BFD50071B6CA;
			productRefGroup = 18FAB5952515BFD50071B6CA /* Products */;
			projectDirPath = "";
			projectRoot = "";
			targets = (
				18FAB5932515BFD50071B6CA /* VietLottFun */,
			);
		};
/* End PBXProject section */

/* Begin PBXResourcesBuildPhase section */
		18FAB5922515BFD50071B6CA /* Resources */ = {
			isa = PBXResourcesBuildPhase;
			buildActionMask = 2147483647;
			files = (
				18FAB5A42515BFD70071B6CA /* LaunchScreen.storyboard in Resources */,
				18FAB5A12515BFD70071B6CA /* Assets.xcassets in Resources */,
				18FAB59F2515BFD50071B6CA /* Main.storyboard in Resources */,
			);
			runOnlyForDeploymentPostprocessing = 0;
		};
/* End PBXResourcesBuildPhase section */

/* Begin PBXShellScriptBuildPhase section */
		9091EA726DF3B139AE5B5369 /* [CP] Check Pods Manifest.lock */ = {
			isa = PBXShellScriptBuildPhase;
			buildActionMask = 2147483647;
			files = (
			);
			inputFileListPaths = (
			);
			inputPaths = (
				"${PODS_PODFILE_DIR_PATH}/Podfile.lock",
				"${PODS_ROOT}/Manifest.lock",
			);
			name = "[CP] Check Pods Manifest.lock";
			outputFileListPaths = (
			);
			outputPaths = (
				"$(DERIVED_FILE_DIR)/Pods-VietLottFun-checkManifestLockResult.txt",
			);
			runOnlyForDeploymentPostprocessing = 0;
			shellPath = /bin/sh;
			shellScript = "diff \"${PODS_PODFILE_DIR_PATH}/Podfile.lock\" \"${PODS_ROOT}/Manifest.lock\" > /dev/null\nif [ $? != 0 ] ; then\n    # print error to STDERR\n    echo \"error: The sandbox is not in sync with the Podfile.lock. Run 'pod install' or update your CocoaPods installation.\" >&2\n    exit 1\nfi\n# This output is used by Xcode 'outputs' to avoid re-running this script phase.\necho \"SUCCESS\" > \"${SCRIPT_OUTPUT_FILE_0}\"\n";
			showEnvVarsInLog = 0;
		};
		A5AE36AA61496F794EA3A7D8 /* [CP] Embed Pods Frameworks */ = {
			isa = PBXShellScriptBuildPhase;
			buildActionMask = 2147483647;
			files = (
			);
			inputFileListPaths = (
				"${PODS_ROOT}/Target Support Files/Pods-VietLottFun/Pods-VietLottFun-frameworks-${CONFIGURATION}-input-files.xcfilelist",
			);
			name = "[CP] Embed Pods Frameworks";
			outputFileListPaths = (
				"${PODS_ROOT}/Target Support Files/Pods-VietLottFun/Pods-VietLottFun-frameworks-${CONFIGURATION}-output-files.xcfilelist",
			);
			runOnlyForDeploymentPostprocessing = 0;
			shellPath = /bin/sh;
			shellScript = "\"${PODS_ROOT}/Target Support Files/Pods-VietLottFun/Pods-VietLottFun-frameworks.sh\"\n";
			showEnvVarsInLog = 0;
		};
/* End PBXShellScriptBuildPhase section */

/* Begin PBXSourcesBuildPhase section */
		18FAB5902515BFD50071B6CA /* Sources */ = {
			isa = PBXSourcesBuildPhase;
			buildActionMask = 2147483647;
			files = (
				18FAB59C2515BFD50071B6CA /* ModeViewController.swift in Sources */,
				18FAB5CE2515C01E0071B6CA /* K.swift in Sources */,
				1817030A25415A270019623B /* SavedResultsViewController.swift in Sources */,
				18FAB5DD251DC7B50071B6CA /* CollectionViewCell.swift in Sources */,
				18D061F125238AD100EEB592 /* MyButton.swift in Sources */,
				181703132541E3870019623B /* SavedTableViewCell.swift in Sources */,
				18D061FE252AE7FA00EEB592 /* RecentResultsViewController.swift in Sources */,
				18D0622E252CC13200EEB592 /* TableViewCell.swift in Sources */,
				18D06206252B1AC100EEB592 /* VietLottResult.swift in Sources */,
				1817030D254162360019623B /* RecentTableViewCell.swift in Sources */,
				187C3D9225451F6300872DFD /* Numbers+CoreDataClass.swift in Sources */,
				180B0D54253975B70038F599 /* PopUpView.swift in Sources */,
				18E78C972539C149007495B0 /* ViewExtensions.swift in Sources */,
				18FAB5D8251C3C800071B6CA /* KenoViewController.swift in Sources */,
				187C3D3E2542D84B00872DFD /* DataModel.xcdatamodeld in Sources */,
				18FAB5982515BFD50071B6CA /* AppDelegate.swift in Sources */,
				18C84071253832DA0029AC57 /* TableLoadOutViewController.swift in Sources */,
				187C3D9125451F6300872DFD /* Numbers+CoreDataProperties.swift in Sources */,
				186157A5251DEC940095B226 /* PlayViewController.swift in Sources */,
				18FAB59A2515BFD50071B6CA /* SceneDelegate.swift in Sources */,
			);
			runOnlyForDeploymentPostprocessing = 0;
		};
/* End PBXSourcesBuildPhase section */

/* Begin PBXVariantGroup section */
		18FAB59D2515BFD50071B6CA /* Main.storyboard */ = {
			isa = PBXVariantGroup;
			children = (
				18FAB59E2515BFD50071B6CA /* Base */,
			);
			name = Main.storyboard;
			sourceTree = "<group>";
		};
		18FAB5A22515BFD70071B6CA /* LaunchScreen.storyboard */ = {
			isa = PBXVariantGroup;
			children = (
				18FAB5A32515BFD70071B6CA /* Base */,
			);
			name = LaunchScreen.storyboard;
			sourceTree = "<group>";
		};
/* End PBXVariantGroup section */

/* Begin XCBuildConfiguration section */
		18FAB5BC2515BFD70071B6CA /* Debug */ = {
			isa = XCBuildConfiguration;
			buildSettings = {
				ALWAYS_SEARCH_USER_PATHS = NO;
				CLANG_ANALYZER_NONNULL = YES;
				CLANG_ANALYZER_NUMBER_OBJECT_CONVERSION = YES_AGGRESSIVE;
				CLANG_CXX_LANGUAGE_STANDARD = "gnu++14";
				CLANG_CXX_LIBRARY = "libc++";
				CLANG_ENABLE_MODULES = YES;
				CLANG_ENABLE_OBJC_ARC = YES;
				CLANG_ENABLE_OBJC_WEAK = YES;
				CLANG_WARN_BLOCK_CAPTURE_AUTORELEASING = YES;
				CLANG_WARN_BOOL_CONVERSION = YES;
				CLANG_WARN_COMMA = YES;
				CLANG_WARN_CONSTANT_CONVERSION = YES;
				CLANG_WARN_DEPRECATED_OBJC_IMPLEMENTATIONS = YES;
				CLANG_WARN_DIRECT_OBJC_ISA_USAGE = YES_ERROR;
				CLANG_WARN_DOCUMENTATION_COMMENTS = YES;
				CLANG_WARN_EMPTY_BODY = YES;
				CLANG_WARN_ENUM_CONVERSION = YES;
				CLANG_WARN_INFINITE_RECURSION = YES;
				CLANG_WARN_INT_CONVERSION = YES;
				CLANG_WARN_NON_LITERAL_NULL_CONVERSION = YES;
				CLANG_WARN_OBJC_IMPLICIT_RETAIN_SELF = YES;
				CLANG_WARN_OBJC_LITERAL_CONVERSION = YES;
				CLANG_WARN_OBJC_ROOT_CLASS = YES_ERROR;
				CLANG_WARN_QUOTED_INCLUDE_IN_FRAMEWORK_HEADER = YES;
				CLANG_WARN_RANGE_LOOP_ANALYSIS = YES;
				CLANG_WARN_STRICT_PROTOTYPES = YES;
				CLANG_WARN_SUSPICIOUS_MOVE = YES;
				CLANG_WARN_UNGUARDED_AVAILABILITY = YES_AGGRESSIVE;
				CLANG_WARN_UNREACHABLE_CODE = YES;
				CLANG_WARN__DUPLICATE_METHOD_MATCH = YES;
				COPY_PHASE_STRIP = NO;
				DEBUG_INFORMATION_FORMAT = dwarf;
				ENABLE_STRICT_OBJC_MSGSEND = YES;
				ENABLE_TESTABILITY = YES;
				GCC_C_LANGUAGE_STANDARD = gnu11;
				GCC_DYNAMIC_NO_PIC = NO;
				GCC_NO_COMMON_BLOCKS = YES;
				GCC_OPTIMIZATION_LEVEL = 0;
				GCC_PREPROCESSOR_DEFINITIONS = (
					"DEBUG=1",
					"$(inherited)",
				);
				GCC_WARN_64_TO_32_BIT_CONVERSION = YES;
				GCC_WARN_ABOUT_RETURN_TYPE = YES_ERROR;
				GCC_WARN_UNDECLARED_SELECTOR = YES;
				GCC_WARN_UNINITIALIZED_AUTOS = YES_AGGRESSIVE;
				GCC_WARN_UNUSED_FUNCTION = YES;
				GCC_WARN_UNUSED_VARIABLE = YES;
				IPHONEOS_DEPLOYMENT_TARGET = 14.0;
				MTL_ENABLE_DEBUG_INFO = INCLUDE_SOURCE;
				MTL_FAST_MATH = YES;
				ONLY_ACTIVE_ARCH = YES;
				SDKROOT = iphoneos;
				SWIFT_ACTIVE_COMPILATION_CONDITIONS = DEBUG;
				SWIFT_OPTIMIZATION_LEVEL = "-Onone";
			};
			name = Debug;
		};
		18FAB5BD2515BFD70071B6CA /* Release */ = {
			isa = XCBuildConfiguration;
			buildSettings = {
				ALWAYS_SEARCH_USER_PATHS = NO;
				CLANG_ANALYZER_NONNULL = YES;
				CLANG_ANALYZER_NUMBER_OBJECT_CONVERSION = YES_AGGRESSIVE;
				CLANG_CXX_LANGUAGE_STANDARD = "gnu++14";
				CLANG_CXX_LIBRARY = "libc++";
				CLANG_ENABLE_MODULES = YES;
				CLANG_ENABLE_OBJC_ARC = YES;
				CLANG_ENABLE_OBJC_WEAK = YES;
				CLANG_WARN_BLOCK_CAPTURE_AUTORELEASING = YES;
				CLANG_WARN_BOOL_CONVERSION = YES;
				CLANG_WARN_COMMA = YES;
				CLANG_WARN_CONSTANT_CONVERSION = YES;
				CLANG_WARN_DEPRECATED_OBJC_IMPLEMENTATIONS = YES;
				CLANG_WARN_DIRECT_OBJC_ISA_USAGE = YES_ERROR;
				CLANG_WARN_DOCUMENTATION_COMMENTS = YES;
				CLANG_WARN_EMPTY_BODY = YES;
				CLANG_WARN_ENUM_CONVERSION = YES;
				CLANG_WARN_INFINITE_RECURSION = YES;
				CLANG_WARN_INT_CONVERSION = YES;
				CLANG_WARN_NON_LITERAL_NULL_CONVERSION = YES;
				CLANG_WARN_OBJC_IMPLICIT_RETAIN_SELF = YES;
				CLANG_WARN_OBJC_LITERAL_CONVERSION = YES;
				CLANG_WARN_OBJC_ROOT_CLASS = YES_ERROR;
				CLANG_WARN_QUOTED_INCLUDE_IN_FRAMEWORK_HEADER = YES;
				CLANG_WARN_RANGE_LOOP_ANALYSIS = YES;
				CLANG_WARN_STRICT_PROTOTYPES = YES;
				CLANG_WARN_SUSPICIOUS_MOVE = YES;
				CLANG_WARN_UNGUARDED_AVAILABILITY = YES_AGGRESSIVE;
				CLANG_WARN_UNREACHABLE_CODE = YES;
				CLANG_WARN__DUPLICATE_METHOD_MATCH = YES;
				COPY_PHASE_STRIP = NO;
				DEBUG_INFORMATION_FORMAT = "dwarf-with-dsym";
				ENABLE_NS_ASSERTIONS = NO;
				ENABLE_STRICT_OBJC_MSGSEND = YES;
				GCC_C_LANGUAGE_STANDARD = gnu11;
				GCC_NO_COMMON_BLOCKS = YES;
				GCC_WARN_64_TO_32_BIT_CONVERSION = YES;
				GCC_WARN_ABOUT_RETURN_TYPE = YES_ERROR;
				GCC_WARN_UNDECLARED_SELECTOR = YES;
				GCC_WARN_UNINITIALIZED_AUTOS = YES_AGGRESSIVE;
				GCC_WARN_UNUSED_FUNCTION = YES;
				GCC_WARN_UNUSED_VARIABLE = YES;
				IPHONEOS_DEPLOYMENT_TARGET = 14.0;
				MTL_ENABLE_DEBUG_INFO = NO;
				MTL_FAST_MATH = YES;
				SDKROOT = iphoneos;
				SWIFT_COMPILATION_MODE = wholemodule;
				SWIFT_OPTIMIZATION_LEVEL = "-O";
				VALIDATE_PRODUCT = YES;
			};
			name = Release;
		};
		18FAB5BF2515BFD70071B6CA /* Debug */ = {
			isa = XCBuildConfiguration;
			baseConfigurationReference = 49609EEC100DF9CD74B0E0BB /* Pods-VietLottFun.debug.xcconfig */;
			buildSettings = {
				ASSETCATALOG_COMPILER_APPICON_NAME = AppIcon;
				ASSETCATALOG_COMPILER_GLOBAL_ACCENT_COLOR_NAME = AccentColor;
				CODE_SIGN_STYLE = Automatic;
				DEVELOPMENT_TEAM = VC8HH4HRTP;
				INFOPLIST_FILE = VietLottFun/Info.plist;
				LD_RUNPATH_SEARCH_PATHS = (
					"$(inherited)",
					"@executable_path/Frameworks",
				);
				PRODUCT_BUNDLE_IDENTIFIER = com.kaoru.VietLottFun;
				PRODUCT_NAME = "$(TARGET_NAME)";
				SWIFT_VERSION = 5.0;
				TARGETED_DEVICE_FAMILY = "1,2";
			};
			name = Debug;
		};
		18FAB5C02515BFD70071B6CA /* Release */ = {
			isa = XCBuildConfiguration;
			baseConfigurationReference = 817C007270DD8B1F78B45AA8 /* Pods-VietLottFun.release.xcconfig */;
			buildSettings = {
				ASSETCATALOG_COMPILER_APPICON_NAME = AppIcon;
				ASSETCATALOG_COMPILER_GLOBAL_ACCENT_COLOR_NAME = AccentColor;
				CODE_SIGN_STYLE = Automatic;
				DEVELOPMENT_TEAM = VC8HH4HRTP;
				INFOPLIST_FILE = VietLottFun/Info.plist;
				LD_RUNPATH_SEARCH_PATHS = (
					"$(inherited)",
					"@executable_path/Frameworks",
				);
				PRODUCT_BUNDLE_IDENTIFIER = com.kaoru.VietLottFun;
				PRODUCT_NAME = "$(TARGET_NAME)";
				SWIFT_VERSION = 5.0;
				TARGETED_DEVICE_FAMILY = "1,2";
			};
			name = Release;
		};
/* End XCBuildConfiguration section */

/* Begin XCConfigurationList section */
		18FAB58F2515BFD50071B6CA /* Build configuration list for PBXProject "VietLottFun" */ = {
			isa = XCConfigurationList;
			buildConfigurations = (
				18FAB5BC2515BFD70071B6CA /* Debug */,
				18FAB5BD2515BFD70071B6CA /* Release */,
			);
			defaultConfigurationIsVisible = 0;
			defaultConfigurationName = Release;
		};
		18FAB5BE2515BFD70071B6CA /* Build configuration list for PBXNativeTarget "VietLottFun" */ = {
			isa = XCConfigurationList;
			buildConfigurations = (
				18FAB5BF2515BFD70071B6CA /* Debug */,
				18FAB5C02515BFD70071B6CA /* Release */,
			);
			defaultConfigurationIsVisible = 0;
			defaultConfigurationName = Release;
		};
/* End XCConfigurationList section */

/* Begin XCVersionGroup section */
		187C3D3C2542D84B00872DFD /* DataModel.xcdatamodeld */ = {
			isa = XCVersionGroup;
			children = (
				187C3D3D2542D84B00872DFD /* DataModel.xcdatamodel */,
			);
			currentVersion = 187C3D3D2542D84B00872DFD /* DataModel.xcdatamodel */;
			path = DataModel.xcdatamodeld;
			sourceTree = "<group>";
			versionGroupType = wrapper.xcdatamodel;
		};
/* End XCVersionGroup section */
	};
	rootObject = 18FAB58C2515BFD50071B6CA /* Project object */;
}
